
Microsoft Visual Studio Solution File, Format Version 12.00
# Visual Studio Version 17
VisualStudioVersion = 17.11.35303.130
MinimumVisualStudioVersion = 10.0.40219.1
Project("{2150E333-8FDC-42A3-9474-1A3956D46DE8}") = "Solution Items", "Solution Items", "{E05F0FD6-4AF2-43B2-8BA2-1198C4E71285}"
	ProjectSection(SolutionItems) = preProject
		src\Program\Program.csproj = src\Program\Program.csproj
		src\SimpleDB\SimpleDB.csproj = src\SimpleDB\SimpleDB.csproj
	EndProjectSection
EndProject
Global
	GlobalSection(SolutionProperties) = preSolution
		HideSolutionNode = FALSE
	EndGlobalSection
	GlobalSection(ExtensibilityGlobals) = postSolution
		SolutionGuid = {04431E12-C9B1-461C-801B-606A95E69D0E}
	EndGlobalSection
EndGlobal
